
Microsoft Visual Studio Solution File, Format Version 12.00
# Visual Studio Version 16
VisualStudioVersion = 16.0.30523.141
MinimumVisualStudioVersion = 10.0.40219.1
Project("{FAE04EC0-301F-11D3-BF4B-00C04F79EFBC}") = "ThreadTest2", "ThreadTest2.csproj", "{F71582C3-CD03-4684-A9D8-E56B7CA263F2}"
EndProject
Global
	GlobalSection(SolutionConfigurationPlatforms) = preSolution
		Debug|Any CPU = Debug|Any CPU
		Release|Any CPU = Release|Any CPU
	EndGlobalSection
	GlobalSection(ProjectConfigurationPlatforms) = postSolution
		{F71582C3-CD03-4684-A9D8-E56B7CA263F2}.Debug|Any CPU.ActiveCfg = Debug|Any CPU
		{F71582C3-CD03-4684-A9D8-E56B7CA263F2}.Debug|Any CPU.Build.0 = Debug|Any CPU
		{F71582C3-CD03-4684-A9D8-E56B7CA263F2}.Release|Any CPU.ActiveCfg = Release|Any CPU
		{F71582C3-CD03-4684-A9D8-E56B7CA263F2}.Release|Any CPU.Build.0 = Release|Any CPU
	EndGlobalSection
	GlobalSection(SolutionProperties) = preSolution
		HideSolutionNode = FALSE
	EndGlobalSection
	GlobalSection(ExtensibilityGlobals) = postSolution
		SolutionGuid = {865F46AE-6FC0-437B-BE9B-A00178C39D39}
	EndGlobalSection
EndGlobal
